
Microsoft Visual Studio Solution File, Format Version 12.00
# Visual Studio Version 17
VisualStudioVersion = 17.3.32929.385
MinimumVisualStudioVersion = 10.0.40219.1
Project("{FAE04EC0-301F-11D3-BF4B-00C04F79EFBC}") = "ConsoleApp1", "ConsoleApp1\ConsoleApp1.csproj", "{B0C92F8F-6B30-4C92-8DF3-CBF2D6D80201}"
EndProject
Project("{FAE04EC0-301F-11D3-BF4B-00C04F79EFBC}") = "ConsoleApp2", "ConsoleApp2\ConsoleApp2.csproj", "{C7AFBD51-BD49-4999-984C-6204A3774A06}"
EndProject
Project("{FAE04EC0-301F-11D3-BF4B-00C04F79EFBC}") = "ConsoleApp3", "ConsoleApp3\ConsoleApp3.csproj", "{5918F67A-58F5-4B0E-80D2-503887242B76}"
EndProject
Global
	GlobalSection(SolutionConfigurationPlatforms) = preSolution
		Debug|Any CPU = Debug|Any CPU
		Release|Any CPU = Release|Any CPU
	EndGlobalSection
	GlobalSection(ProjectConfigurationPlatforms) = postSolution
		{B0C92F8F-6B30-4C92-8DF3-CBF2D6D80201}.Debug|Any CPU.ActiveCfg = Debug|Any CPU
		{B0C92F8F-6B30-4C92-8DF3-CBF2D6D80201}.Debug|Any CPU.Build.0 = Debug|Any CPU
		{B0C92F8F-6B30-4C92-8DF3-CBF2D6D80201}.Release|Any CPU.ActiveCfg = Release|Any CPU
		{B0C92F8F-6B30-4C92-8DF3-CBF2D6D80201}.Release|Any CPU.Build.0 = Release|Any CPU
		{C7AFBD51-BD49-4999-984C-6204A3774A06}.Debug|Any CPU.ActiveCfg = Debug|Any CPU
		{C7AFBD51-BD49-4999-984C-6204A3774A06}.Debug|Any CPU.Build.0 = Debug|Any CPU
		{C7AFBD51-BD49-4999-984C-6204A3774A06}.Release|Any CPU.ActiveCfg = Release|Any CPU
		{C7AFBD51-BD49-4999-984C-6204A3774A06}.Release|Any CPU.Build.0 = Release|Any CPU
		{5918F67A-58F5-4B0E-80D2-503887242B76}.Debug|Any CPU.ActiveCfg = Debug|Any CPU
		{5918F67A-58F5-4B0E-80D2-503887242B76}.Debug|Any CPU.Build.0 = Debug|Any CPU
		{5918F67A-58F5-4B0E-80D2-503887242B76}.Release|Any CPU.ActiveCfg = Release|Any CPU
		{5918F67A-58F5-4B0E-80D2-503887242B76}.Release|Any CPU.Build.0 = Release|Any CPU
	EndGlobalSection
	GlobalSection(SolutionProperties) = preSolution
		HideSolutionNode = FALSE
	EndGlobalSection
	GlobalSection(ExtensibilityGlobals) = postSolution
		SolutionGuid = {D6F29D9E-8272-4319-87E2-0E336D927F51}
	EndGlobalSection
EndGlobal
